
Microsoft Visual Studio Solution File, Format Version 12.00
# Visual Studio Version 17
VisualStudioVersion = 17.7.34024.191
MinimumVisualStudioVersion = 10.0.40219.1
Project("{FAE04EC0-301F-11D3-BF4B-00C04F79EFBC}") = "StackHomeWork", "StackHomeWork\StackHomeWork.csproj", "{DFBD1D54-1454-41A8-AC69-88B51E66C899}"
EndProject
Global
	GlobalSection(SolutionConfigurationPlatforms) = preSolution
		Debug|Any CPU = Debug|Any CPU
		Release|Any CPU = Release|Any CPU
	EndGlobalSection
	GlobalSection(ProjectConfigurationPlatforms) = postSolution
		{DFBD1D54-1454-41A8-AC69-88B51E66C899}.Debug|Any CPU.ActiveCfg = Debug|Any CPU
		{DFBD1D54-1454-41A8-AC69-88B51E66C899}.Debug|Any CPU.Build.0 = Debug|Any CPU
		{DFBD1D54-1454-41A8-AC69-88B51E66C899}.Release|Any CPU.ActiveCfg = Release|Any CPU
		{DFBD1D54-1454-41A8-AC69-88B51E66C899}.Release|Any CPU.Build.0 = Release|Any CPU
	EndGlobalSection
	GlobalSection(SolutionProperties) = preSolution
		HideSolutionNode = FALSE
	EndGlobalSection
	GlobalSection(ExtensibilityGlobals) = postSolution
		SolutionGuid = {FBC0E456-0F32-431F-AB2F-D75CDCFD54C3}
	EndGlobalSection
EndGlobal
